
Microsoft Visual Studio Solution File, Format Version 12.00
# Visual Studio Version 17
VisualStudioVersion = 17.5.002.0
MinimumVisualStudioVersion = 10.0.40219.1
Project("{9A19103F-16F7-4668-BE54-9A1E7A4F7556}") = "WebUtil", "WebUtil\WebUtil.csproj", "{79DC1187-3B1C-4A3B-9E63-3E71AA22A22B}"
EndProject
Global
	GlobalSection(SolutionConfigurationPlatforms) = preSolution
		Debug|Any CPU = Debug|Any CPU
		Release|Any CPU = Release|Any CPU
	EndGlobalSection
	GlobalSection(ProjectConfigurationPlatforms) = postSolution
		{79DC1187-3B1C-4A3B-9E63-3E71AA22A22B}.Debug|Any CPU.ActiveCfg = Debug|Any CPU
		{79DC1187-3B1C-4A3B-9E63-3E71AA22A22B}.Debug|Any CPU.Build.0 = Debug|Any CPU
		{79DC1187-3B1C-4A3B-9E63-3E71AA22A22B}.Release|Any CPU.ActiveCfg = Release|Any CPU
		{79DC1187-3B1C-4A3B-9E63-3E71AA22A22B}.Release|Any CPU.Build.0 = Release|Any CPU
	EndGlobalSection
	GlobalSection(SolutionProperties) = preSolution
		HideSolutionNode = FALSE
	EndGlobalSection
	GlobalSection(ExtensibilityGlobals) = postSolution
		SolutionGuid = {0502232A-271A-4959-AE53-AE809A67F202}
	EndGlobalSection
EndGlobal
